
Microsoft Visual Studio Solution File, Format Version 12.00
# Visual Studio Version 16
VisualStudioVersion = 16.0.28803.352
MinimumVisualStudioVersion = 10.0.40219.1
Project("{9A19103F-16F7-4668-BE54-9A1E7A4F7556}") = "undervisning-db-sqlite", "undervisning-db-sqlite\undervisning-db-sqlite.csproj", "{4C8C6A62-7367-4A1C-9436-03DB82C6BF2C}"
EndProject
Global
	GlobalSection(SolutionConfigurationPlatforms) = preSolution
		Debug|Any CPU = Debug|Any CPU
		Release|Any CPU = Release|Any CPU
	EndGlobalSection
	GlobalSection(ProjectConfigurationPlatforms) = postSolution
		{4C8C6A62-7367-4A1C-9436-03DB82C6BF2C}.Debug|Any CPU.ActiveCfg = Debug|Any CPU
		{4C8C6A62-7367-4A1C-9436-03DB82C6BF2C}.Debug|Any CPU.Build.0 = Debug|Any CPU
		{4C8C6A62-7367-4A1C-9436-03DB82C6BF2C}.Release|Any CPU.ActiveCfg = Release|Any CPU
		{4C8C6A62-7367-4A1C-9436-03DB82C6BF2C}.Release|Any CPU.Build.0 = Release|Any CPU
	EndGlobalSection
	GlobalSection(SolutionProperties) = preSolution
		HideSolutionNode = FALSE
	EndGlobalSection
	GlobalSection(ExtensibilityGlobals) = postSolution
		SolutionGuid = {65B7DF0E-0207-4388-B748-0E5512AECFC2}
	EndGlobalSection
EndGlobal
